
Microsoft Visual Studio Solution File, Format Version 12.00
# Visual Studio Version 16
VisualStudioVersion = 16.0.32602.291
MinimumVisualStudioVersion = 10.0.40219.1
Project("{FAE04EC0-301F-11D3-BF4B-00C04F79EFBC}") = "CatApplication", "CatApplication\CatApplication.csproj", "{C0DBA85C-AF5D-4585-BEC0-85A43B230385}"
EndProject
Global
	GlobalSection(SolutionConfigurationPlatforms) = preSolution
		Debug|Any CPU = Debug|Any CPU
		Release|Any CPU = Release|Any CPU
	EndGlobalSection
	GlobalSection(ProjectConfigurationPlatforms) = postSolution
		{C0DBA85C-AF5D-4585-BEC0-85A43B230385}.Debug|Any CPU.ActiveCfg = Debug|Any CPU
		{C0DBA85C-AF5D-4585-BEC0-85A43B230385}.Debug|Any CPU.Build.0 = Debug|Any CPU
		{C0DBA85C-AF5D-4585-BEC0-85A43B230385}.Release|Any CPU.ActiveCfg = Release|Any CPU
		{C0DBA85C-AF5D-4585-BEC0-85A43B230385}.Release|Any CPU.Build.0 = Release|Any CPU
	EndGlobalSection
	GlobalSection(SolutionProperties) = preSolution
		HideSolutionNode = FALSE
	EndGlobalSection
	GlobalSection(ExtensibilityGlobals) = postSolution
		SolutionGuid = {DC4238C2-C700-4F95-A389-A65774EE6033}
	EndGlobalSection
EndGlobal
